
Microsoft Visual Studio Solution File, Format Version 12.00
# Visual Studio Version 17
VisualStudioVersion = 17.8.34511.84
MinimumVisualStudioVersion = 10.0.40219.1
Project("{8BC9CEB8-8B4A-11D0-8D11-00A0C91BC942}") = "Console", "Console\Console.vcxproj", "{DA0CF21A-BD0E-42A4-AA83-03C13E904503}"
EndProject
Project("{8BC9CEB8-8B4A-11D0-8D11-00A0C91BC942}") = "Visual", "Visual\Visual.vcxproj", "{8798BACA-09D2-43FC-8B42-661F566CBF8E}"
EndProject
Project("{8BC9CEB8-8B4A-11D0-8D11-00A0C91BC942}") = "3D", "3D\3D.vcxproj", "{AFACAB7D-8431-4777-BAB9-A0BB7184550D}"
EndProject
Project("{8BC9CEB8-8B4A-11D0-8D11-00A0C91BC942}") = "Library", "Library\Library.vcxproj", "{9844804E-DA57-4C7A-A884-A28CDD3E3CF9}"
EndProject
Global
	GlobalSection(SolutionConfigurationPlatforms) = preSolution
		Debug|x64 = Debug|x64
		Debug|x86 = Debug|x86
		Release|x64 = Release|x64
		Release|x86 = Release|x86
	EndGlobalSection
	GlobalSection(ProjectConfigurationPlatforms) = postSolution
		{DA0CF21A-BD0E-42A4-AA83-03C13E904503}.Debug|x64.ActiveCfg = Debug|x64
		{DA0CF21A-BD0E-42A4-AA83-03C13E904503}.Debug|x64.Build.0 = Debug|x64
		{DA0CF21A-BD0E-42A4-AA83-03C13E904503}.Debug|x86.ActiveCfg = Debug|Win32
		{DA0CF21A-BD0E-42A4-AA83-03C13E904503}.Debug|x86.Build.0 = Debug|Win32
		{DA0CF21A-BD0E-42A4-AA83-03C13E904503}.Release|x64.ActiveCfg = Release|x64
		{DA0CF21A-BD0E-42A4-AA83-03C13E904503}.Release|x64.Build.0 = Release|x64
		{DA0CF21A-BD0E-42A4-AA83-03C13E904503}.Release|x86.ActiveCfg = Release|Win32
		{DA0CF21A-BD0E-42A4-AA83-03C13E904503}.Release|x86.Build.0 = Release|Win32
		{8798BACA-09D2-43FC-8B42-661F566CBF8E}.Debug|x64.ActiveCfg = Debug|x64
		{8798BACA-09D2-43FC-8B42-661F566CBF8E}.Debug|x64.Build.0 = Debug|x64
		{8798BACA-09D2-43FC-8B42-661F566CBF8E}.Debug|x86.ActiveCfg = Debug|Win32
		{8798BACA-09D2-43FC-8B42-661F566CBF8E}.Debug|x86.Build.0 = Debug|Win32
		{8798BACA-09D2-43FC-8B42-661F566CBF8E}.Release|x64.ActiveCfg = Release|x64
		{8798BACA-09D2-43FC-8B42-661F566CBF8E}.Release|x64.Build.0 = Release|x64
		{8798BACA-09D2-43FC-8B42-661F566CBF8E}.Release|x86.ActiveCfg = Release|Win32
		{8798BACA-09D2-43FC-8B42-661F566CBF8E}.Release|x86.Build.0 = Release|Win32
		{AFACAB7D-8431-4777-BAB9-A0BB7184550D}.Debug|x64.ActiveCfg = Debug|x64
		{AFACAB7D-8431-4777-BAB9-A0BB7184550D}.Debug|x64.Build.0 = Debug|x64
		{AFACAB7D-8431-4777-BAB9-A0BB7184550D}.Debug|x86.ActiveCfg = Debug|Win32
		{AFACAB7D-8431-4777-BAB9-A0BB7184550D}.Debug|x86.Build.0 = Debug|Win32
		{AFACAB7D-8431-4777-BAB9-A0BB7184550D}.Release|x64.ActiveCfg = Release|x64
		{AFACAB7D-8431-4777-BAB9-A0BB7184550D}.Release|x64.Build.0 = Release|x64
		{AFACAB7D-8431-4777-BAB9-A0BB7184550D}.Release|x86.ActiveCfg = Release|Win32
		{AFACAB7D-8431-4777-BAB9-A0BB7184550D}.Release|x86.Build.0 = Release|Win32
		{9844804E-DA57-4C7A-A884-A28CDD3E3CF9}.Debug|x64.ActiveCfg = Debug|x64
		{9844804E-DA57-4C7A-A884-A28CDD3E3CF9}.Debug|x64.Build.0 = Debug|x64
		{9844804E-DA57-4C7A-A884-A28CDD3E3CF9}.Debug|x86.ActiveCfg = Debug|Win32
		{9844804E-DA57-4C7A-A884-A28CDD3E3CF9}.Debug|x86.Build.0 = Debug|Win32
		{9844804E-DA57-4C7A-A884-A28CDD3E3CF9}.Release|x64.ActiveCfg = Release|x64
		{9844804E-DA57-4C7A-A884-A28CDD3E3CF9}.Release|x64.Build.0 = Release|x64
		{9844804E-DA57-4C7A-A884-A28CDD3E3CF9}.Release|x86.ActiveCfg = Release|Win32
		{9844804E-DA57-4C7A-A884-A28CDD3E3CF9}.Release|x86.Build.0 = Release|Win32
	EndGlobalSection
	GlobalSection(SolutionProperties) = preSolution
		HideSolutionNode = FALSE
	EndGlobalSection
	GlobalSection(ExtensibilityGlobals) = postSolution
		SolutionGuid = {23392941-E463-4821-A2DF-70B1B3A1FAD3}
	EndGlobalSection
EndGlobal
